{
    "_meta": {
        "hash": {
            "sha256": "f6d1cfb9af0d68487dbffacf7dacad43844cdb61734172ca9ac6a54c96b4f36d"
        },
        "pipfile-spec": 6,
        "requires": {
            "python_version": "3.6"
        },
        "sources": [
            {
                "name": "pypi",
                "url": "https://pypi.org/simple",
                "verify_ssl": true
            }
        ]
    },
    "default": {
        "dataclasses": {
            "hashes": [
                "sha256:454a69d788c7fda44efd71e259be79577822f5e3f53f029a22d08004e951dc9f",
                "sha256:6988bd2b895eef432d562370bb707d540f32f7360ab13da45340101bc2307d84"
            ],
            "markers": "python_version < '3.7'",
            "version": "==0.6"
        },
        "fastapi": {
            "hashes": [
                "sha256:3cdf549f5c72c747cc957f488a63817eeeb268fcea8b8146281ba34552b3a562",
                "sha256:b377440eabd105e9a350d7ee24774314a61dfe8c7d045f3db29fdddbc27c21de"
            ],
            "index": "pypi",
            "version": "==0.29.0"
        },
        "h11": {
            "hashes": [
                "sha256:33d4bca7be0fa039f4e84d50ab00531047e53d6ee8ffbc83501ea602c169cae1",
                "sha256:4bc6d6a1238b7615b266ada57e0618568066f57dd6fa967d1290ec9309b2f2f1"
            ],
            "version": "==0.9.0"
        },
        "h2": {
            "hashes": [
                "sha256:c8f387e0e4878904d4978cd688a3195f6b169d49b1ffa572a3d347d7adc5e09f",
                "sha256:fd07e865a3272ac6ef195d8904de92dc7b38dc28297ec39cfa22716b6d62e6eb"
            ],
            "version": "==3.1.0"
        },
        "hpack": {
            "hashes": [
                "sha256:0edd79eda27a53ba5be2dfabf3b15780928a0dff6eb0c60a3d6767720e970c89",
                "sha256:8eec9c1f4bfae3408a3f30500261f7e6a65912dc138526ea054f9ad98892e9d2"
            ],
            "version": "==3.0.0"
        },
        "hypercorn": {
            "hashes": [
                "sha256:cfe7811a93ab7bc22c8a0d5514a2a7a512e812c1e4ee13b9731b705b79d4d453",
                "sha256:f2577806223fa44d57d6f136b6c37a046794f961252699aec8afb15f35d226d5"
            ],
            "index": "pypi",
            "version": "==0.5.4"
        },
        "hyperframe": {
            "hashes": [
                "sha256:5187962cb16dcc078f23cb5a4b110098d546c3f41ff2d4038a9896893bbd0b40",
                "sha256:a9f5c17f2cc3c719b917c4f33ed1c61bd1f8dfac4b1bd23b7c80b3400971b41f"
            ],
            "version": "==5.2.0"
        },
        "pydantic": {
            "hashes": [
                "sha256:b72e0df2463cee746cf42639845d4106c19f30136375e779352d710e69617731",
                "sha256:dab99d3070e040b8b2e987dfbe237350ab92d5d57a22d4e0e268ede2d85c7964"
            ],
            "version": "==0.26"
        },
        "pytoml": {
            "hashes": [
                "sha256:ca2d0cb127c938b8b76a9a0d0f855cf930c1d50cc3a0af6d3595b566519a1013"
            ],
            "version": "==0.1.20"
        },
        "starlette": {
            "hashes": [
                "sha256:d313433ef5cc38e0a276b59688ca2b11b8f031c78808c1afdf9d55cb86f34590"
            ],
            "version": "==0.12.0"
        },
        "typing-extensions": {
            "hashes": [
                "sha256:07b2c978670896022a43c4b915df8958bec4a6b84add7f2c87b2b728bda3ba64",
                "sha256:f3f0e67e1d42de47b5c67c32c9b26641642e9170fe7e292991793705cd5fef7c",
                "sha256:fb2cd053238d33a8ec939190f30cfd736c00653a85a2919415cecf7dc3d9da71"
            ],
            "version": "==3.7.2"
        },
        "wsproto": {
            "hashes": [
                "sha256:2b870f5b5b4a6d23dce080a4ee1cbb119b2378f82593bd6d66ae2cbd72a7c0ad",
                "sha256:ed222c812aaea55d72d18a87df429cfd602e15b6c992a07a53b495858f083a14"
            ],
            "version": "==0.14.1"
        }
    },
    "develop": {}
}
